
Microsoft Visual Studio Solution File, Format Version 12.00
# Visual Studio Version 17
VisualStudioVersion = 17.9.34616.47
MinimumVisualStudioVersion = 10.0.40219.1
Project("{FAE04EC0-301F-11D3-BF4B-00C04F79EFBC}") = "Pokemon", "Pokemon.csproj", "{245847CB-866F-4365-A19E-3B66D30E4074}"
EndProject
Global
	GlobalSection(SolutionConfigurationPlatforms) = preSolution
		Debug|Any CPU = Debug|Any CPU
		Release|Any CPU = Release|Any CPU
	EndGlobalSection
	GlobalSection(ProjectConfigurationPlatforms) = postSolution
		{245847CB-866F-4365-A19E-3B66D30E4074}.Debug|Any CPU.ActiveCfg = Debug|Any CPU
		{245847CB-866F-4365-A19E-3B66D30E4074}.Debug|Any CPU.Build.0 = Debug|Any CPU
		{245847CB-866F-4365-A19E-3B66D30E4074}.Release|Any CPU.ActiveCfg = Release|Any CPU
		{245847CB-866F-4365-A19E-3B66D30E4074}.Release|Any CPU.Build.0 = Release|Any CPU
	EndGlobalSection
	GlobalSection(SolutionProperties) = preSolution
		HideSolutionNode = FALSE
	EndGlobalSection
	GlobalSection(ExtensibilityGlobals) = postSolution
		SolutionGuid = {1BC83E23-D37A-40F1-BAA2-48292A71DAEC}
	EndGlobalSection
EndGlobal
